
Microsoft Visual Studio Solution File, Format Version 12.00
# Visual Studio Version 17
VisualStudioVersion = 17.4.33110.190
MinimumVisualStudioVersion = 10.0.40219.1
Project("{FAE04EC0-301F-11D3-BF4B-00C04F79EFBC}") = "Introduction to Entity Framework DFA", "Introduction to Entity Framework DFA\Introduction to Entity Framework DFA.csproj", "{0BF980AD-4ABB-4BAC-A784-0709BB415F8B}"
EndProject
Global
	GlobalSection(SolutionConfigurationPlatforms) = preSolution
		Debug|Any CPU = Debug|Any CPU
		Release|Any CPU = Release|Any CPU
	EndGlobalSection
	GlobalSection(ProjectConfigurationPlatforms) = postSolution
		{0BF980AD-4ABB-4BAC-A784-0709BB415F8B}.Debug|Any CPU.ActiveCfg = Debug|Any CPU
		{0BF980AD-4ABB-4BAC-A784-0709BB415F8B}.Debug|Any CPU.Build.0 = Debug|Any CPU
		{0BF980AD-4ABB-4BAC-A784-0709BB415F8B}.Release|Any CPU.ActiveCfg = Release|Any CPU
		{0BF980AD-4ABB-4BAC-A784-0709BB415F8B}.Release|Any CPU.Build.0 = Release|Any CPU
	EndGlobalSection
	GlobalSection(SolutionProperties) = preSolution
		HideSolutionNode = FALSE
	EndGlobalSection
	GlobalSection(ExtensibilityGlobals) = postSolution
		SolutionGuid = {89C62B25-5153-496A-8B60-8907C4AEF12E}
	EndGlobalSection
EndGlobal
